{
  "version": 4,
  "terraform_version": "0.12.6",
  "serial": 16,
  "lineage": "f6eecc7b-b835-f470-dec5-3b55f0037864",
  "outputs": {},
  "resources": [
    {
      "mode": "data",
      "type": "aws_ami",
      "name": "ubuntu",
      "provider": "provider.aws",
      "instances": [
        {
          "schema_version": 0,
          "attributes": {
            "architecture": "x86_64",
            "block_device_mappings": [],
            "creation_date": "2019-10-29T05:34:17.000Z",
            "description": "Canonical, Ubuntu, 19.04, UNSUPPORTED daily amd64 disco image build on 2019-10-29",
            "executable_users": null,
            "filter": null,
            "hypervisor": "xen",
            "id": "ami-0c3ea027414219dfb",
            "image_id": "ami-0c3ea027414219dfb",
            "image_location": "ubuntu-images-us-east-1-daily/disco/20191029/hvm/instance-store/image.img.manifest.xml",
            "image_owner_alias": null,
            "image_type": "machine",
            "kernel_id": null,
            "most_recent": true,
            "name": "ubuntu/images-testing/hvm-instance/ubuntu-disco-daily-amd64-server-20191029",
            "name_regex": null,
            "owner_id": "099720109477",
            "owners": [
              "099720109477"
            ],
            "platform": null,
            "product_codes": [],
            "public": true,
            "ramdisk_id": null,
            "root_device_name": null,
            "root_device_type": "instance-store",
            "root_snapshot_id": "",
            "sriov_net_support": "simple",
            "state": "available",
            "state_reason": {
              "code": "UNSET",
              "message": "UNSET"
            },
            "tags": {},
            "virtualization_type": "hvm"
          }
        }
      ]
    },
    {
      "mode": "managed",
      "type": "aws_db_subnet_group",
      "name": "db_subnet_group",
      "provider": "provider.aws",
      "instances": [
        {
          "schema_version": 0,
          "attributes": {
            "arn": "arn:aws:rds:us-east-1:680179888221:subgrp:db_subnet_group",
            "description": "Managed by Terraform",
            "id": "db_subnet_group",
            "name": "db_subnet_group",
            "name_prefix": null,
            "subnet_ids": [
              "subnet-00b75d7ec6ec5a1f3",
              "subnet-0369bd9c31c716e4a"
            ],
            "tags": {
              "name": "db_subnet_group"
            }
          },
          "private": "bnVsbA==",
          "depends_on": [
            "aws_subnet.db_subnet_zone1",
            "aws_subnet.db_subnet_zone2"
          ]
        }
      ]
    },
    {
      "mode": "managed",
      "type": "aws_default_route_table",
      "name": "db_private1_rt",
      "provider": "provider.aws",
      "instances": [
        {
          "schema_version": 0,
          "attributes": {
            "default_route_table_id": "rtb-0e12b4547e627ffc0",
            "id": "rtb-0e12b4547e627ffc0",
            "owner_id": "680179888221",
            "propagating_vgws": [],
            "route": [],
            "tags": {
              "name": "rt_private1"
            },
            "vpc_id": "vpc-0aab0c0eb1f2b25b2"
          },
          "private": "bnVsbA==",
          "depends_on": [
            "aws_vpc.db_vpc"
          ]
        }
      ]
    },
    {
      "mode": "managed",
      "type": "aws_default_route_table",
      "name": "db_private2_rt",
      "provider": "provider.aws",
      "instances": [
        {
          "schema_version": 0,
          "attributes": {
            "default_route_table_id": "rtb-0e12b4547e627ffc0",
            "id": "rtb-0e12b4547e627ffc0",
            "owner_id": "680179888221",
            "propagating_vgws": [],
            "route": [],
            "tags": {
              "name": "rt_private2"
            },
            "vpc_id": "vpc-0aab0c0eb1f2b25b2"
          },
          "private": "bnVsbA==",
          "depends_on": [
            "aws_vpc.db_vpc"
          ]
        }
      ]
    },
    {
      "mode": "managed",
      "type": "aws_route_table_association",
      "name": "db_private1_assoc",
      "provider": "provider.aws",
      "instances": [
        {
          "schema_version": 0,
          "attributes": {
            "id": "rtbassoc-03e2aa0c1ac0ef13d",
            "route_table_id": "rtb-0e12b4547e627ffc0",
            "subnet_id": "subnet-00b75d7ec6ec5a1f3"
          },
          "private": "bnVsbA==",
          "depends_on": [
            "aws_default_route_table.db_private1_rt",
            "aws_subnet.db_subnet_zone1"
          ]
        }
      ]
    },
    {
      "mode": "managed",
      "type": "aws_route_table_association",
      "name": "db_private2_assoc",
      "provider": "provider.aws",
      "instances": [
        {
          "schema_version": 0,
          "attributes": {
            "id": "rtbassoc-05eea6926f8a018ba",
            "route_table_id": "rtb-0e12b4547e627ffc0",
            "subnet_id": "subnet-0369bd9c31c716e4a"
          },
          "private": "bnVsbA==",
          "depends_on": [
            "aws_default_route_table.db_private2_rt",
            "aws_subnet.db_subnet_zone2"
          ]
        }
      ]
    },
    {
      "mode": "managed",
      "type": "aws_security_group",
      "name": "private_db_sg",
      "provider": "provider.aws",
      "instances": [
        {
          "schema_version": 1,
          "attributes": {
            "arn": "arn:aws:ec2:us-east-1:680179888221:security-group/sg-041c285aac84f8293",
            "description": "Used for db instances",
            "egress": [],
            "id": "sg-041c285aac84f8293",
            "ingress": [
              {
                "cidr_blocks": [],
                "description": "",
                "from_port": 3306,
                "ipv6_cidr_blocks": [],
                "prefix_list_ids": [],
                "protocol": "tcp",
                "security_groups": [],
                "self": false,
                "to_port": 3306
              }
            ],
            "name": "private_sg",
            "name_prefix": null,
            "owner_id": "680179888221",
            "revoke_rules_on_delete": false,
            "tags": null,
            "timeouts": null,
            "vpc_id": "vpc-0aab0c0eb1f2b25b2"
          },
          "private": "eyJlMmJmYjczMC1lY2FhLTExZTYtOGY4OC0zNDM2M2JjN2M0YzAiOnsiY3JlYXRlIjo2MDAwMDAwMDAwMDAsImRlbGV0ZSI6NjAwMDAwMDAwMDAwfSwic2NoZW1hX3ZlcnNpb24iOiIxIn0=",
          "depends_on": [
            "aws_vpc.db_vpc"
          ]
        }
      ]
    },
    {
      "mode": "managed",
      "type": "aws_subnet",
      "name": "db_subnet_zone1",
      "provider": "provider.aws",
      "instances": [
        {
          "schema_version": 1,
          "attributes": {
            "arn": "arn:aws:ec2:us-east-1:680179888221:subnet/subnet-00b75d7ec6ec5a1f3",
            "assign_ipv6_address_on_creation": false,
            "availability_zone": "us-east-1a",
            "availability_zone_id": "use1-az2",
            "cidr_block": "10.0.1.0/24",
            "id": "subnet-00b75d7ec6ec5a1f3",
            "ipv6_cidr_block": "",
            "ipv6_cidr_block_association_id": "",
            "map_public_ip_on_launch": false,
            "owner_id": "680179888221",
            "tags": {
              "name": "db_subnet_zone1"
            },
            "timeouts": null,
            "vpc_id": "vpc-0aab0c0eb1f2b25b2"
          },
          "private": "eyJlMmJmYjczMC1lY2FhLTExZTYtOGY4OC0zNDM2M2JjN2M0YzAiOnsiY3JlYXRlIjo2MDAwMDAwMDAwMDAsImRlbGV0ZSI6MTIwMDAwMDAwMDAwMH0sInNjaGVtYV92ZXJzaW9uIjoiMSJ9",
          "depends_on": [
            "aws_vpc.db_vpc"
          ]
        }
      ]
    },
    {
      "mode": "managed",
      "type": "aws_subnet",
      "name": "db_subnet_zone2",
      "provider": "provider.aws",
      "instances": [
        {
          "schema_version": 1,
          "attributes": {
            "arn": "arn:aws:ec2:us-east-1:680179888221:subnet/subnet-0369bd9c31c716e4a",
            "assign_ipv6_address_on_creation": false,
            "availability_zone": "us-east-1c",
            "availability_zone_id": "use1-az6",
            "cidr_block": "10.0.2.0/24",
            "id": "subnet-0369bd9c31c716e4a",
            "ipv6_cidr_block": "",
            "ipv6_cidr_block_association_id": "",
            "map_public_ip_on_launch": false,
            "owner_id": "680179888221",
            "tags": {
              "name": "db_subnet_zone2"
            },
            "timeouts": null,
            "vpc_id": "vpc-0aab0c0eb1f2b25b2"
          },
          "private": "eyJlMmJmYjczMC1lY2FhLTExZTYtOGY4OC0zNDM2M2JjN2M0YzAiOnsiY3JlYXRlIjo2MDAwMDAwMDAwMDAsImRlbGV0ZSI6MTIwMDAwMDAwMDAwMH0sInNjaGVtYV92ZXJzaW9uIjoiMSJ9",
          "depends_on": [
            "aws_vpc.db_vpc"
          ]
        }
      ]
    },
    {
      "mode": "managed",
      "type": "aws_vpc",
      "name": "db_vpc",
      "provider": "provider.aws",
      "instances": [
        {
          "schema_version": 1,
          "attributes": {
            "arn": "arn:aws:ec2:us-east-1:680179888221:vpc/vpc-0aab0c0eb1f2b25b2",
            "assign_generated_ipv6_cidr_block": false,
            "cidr_block": "10.0.0.0/16",
            "default_network_acl_id": "acl-0112d1379bcd0e3c6",
            "default_route_table_id": "rtb-0e12b4547e627ffc0",
            "default_security_group_id": "sg-0a10ced6d255d4d08",
            "dhcp_options_id": "dopt-6730681c",
            "enable_classiclink": false,
            "enable_classiclink_dns_support": false,
            "enable_dns_hostnames": true,
            "enable_dns_support": true,
            "id": "vpc-0aab0c0eb1f2b25b2",
            "instance_tenancy": "default",
            "ipv6_association_id": "",
            "ipv6_cidr_block": "",
            "main_route_table_id": "rtb-0e12b4547e627ffc0",
            "owner_id": "680179888221",
            "tags": {
              "name": "db_vpc"
            }
          },
          "private": "eyJzY2hlbWFfdmVyc2lvbiI6IjEifQ=="
        }
      ]
    }
  ]
}
